
Microsoft Visual Studio Solution File, Format Version 12.00
# Visual Studio Version 17
VisualStudioVersion = 17.0.32112.339
MinimumVisualStudioVersion = 10.0.40219.1
Project("{9A19103F-16F7-4668-BE54-9A1E7A4F7556}") = "zdfdokudl_server", "zdfdokudl\zdfdokudl_server.csproj", "{993F6383-3D44-4A8E-8BFB-6CF1A88F5D52}"
EndProject
Project("{FAE04EC0-301F-11D3-BF4B-00C04F79EFBC}") = "zdfdokudl_downloader", "zdfdokudl_downloader\zdfdokudl_downloader.csproj", "{93201B5F-6CD1-42BD-9A80-8FAC5BCB079A}"
EndProject
Global
	GlobalSection(SolutionConfigurationPlatforms) = preSolution
		Debug|Any CPU = Debug|Any CPU
		Release|Any CPU = Release|Any CPU
	EndGlobalSection
	GlobalSection(ProjectConfigurationPlatforms) = postSolution
		{993F6383-3D44-4A8E-8BFB-6CF1A88F5D52}.Debug|Any CPU.ActiveCfg = Debug|Any CPU
		{993F6383-3D44-4A8E-8BFB-6CF1A88F5D52}.Debug|Any CPU.Build.0 = Debug|Any CPU
		{993F6383-3D44-4A8E-8BFB-6CF1A88F5D52}.Release|Any CPU.ActiveCfg = Release|Any CPU
		{993F6383-3D44-4A8E-8BFB-6CF1A88F5D52}.Release|Any CPU.Build.0 = Release|Any CPU
		{93201B5F-6CD1-42BD-9A80-8FAC5BCB079A}.Debug|Any CPU.ActiveCfg = Debug|Any CPU
		{93201B5F-6CD1-42BD-9A80-8FAC5BCB079A}.Debug|Any CPU.Build.0 = Debug|Any CPU
		{93201B5F-6CD1-42BD-9A80-8FAC5BCB079A}.Release|Any CPU.ActiveCfg = Release|Any CPU
		{93201B5F-6CD1-42BD-9A80-8FAC5BCB079A}.Release|Any CPU.Build.0 = Release|Any CPU
	EndGlobalSection
	GlobalSection(SolutionProperties) = preSolution
		HideSolutionNode = FALSE
	EndGlobalSection
	GlobalSection(ExtensibilityGlobals) = postSolution
		SolutionGuid = {29020A62-432B-4354-9CC0-487F96CBF9E1}
	EndGlobalSection
EndGlobal
